
Microsoft Visual Studio Solution File, Format Version 12.00
# Visual Studio Version 17
VisualStudioVersion = 17.13.35913.81
MinimumVisualStudioVersion = 10.0.40219.1
Project("{FAE04EC0-301F-11D3-BF4B-00C04F79EFBC}") = "backend", "backend.csproj", "{F9CB57E5-605B-AE2D-1B56-51D8E5218C47}"
EndProject
Project("{FAE04EC0-301F-11D3-BF4B-00C04F79EFBC}") = "backend.Tests", "..\backend.Tests\backend.Tests.csproj", "{82ECC335-F268-4547-AA43-BC0858C6E04C}"
EndProject
Global
	GlobalSection(SolutionConfigurationPlatforms) = preSolution
		Debug|Any CPU = Debug|Any CPU
		Release|Any CPU = Release|Any CPU
	EndGlobalSection
	GlobalSection(ProjectConfigurationPlatforms) = postSolution
		{F9CB57E5-605B-AE2D-1B56-51D8E5218C47}.Debug|Any CPU.ActiveCfg = Debug|Any CPU
		{F9CB57E5-605B-AE2D-1B56-51D8E5218C47}.Debug|Any CPU.Build.0 = Debug|Any CPU
		{F9CB57E5-605B-AE2D-1B56-51D8E5218C47}.Release|Any CPU.ActiveCfg = Release|Any CPU
		{F9CB57E5-605B-AE2D-1B56-51D8E5218C47}.Release|Any CPU.Build.0 = Release|Any CPU
		{82ECC335-F268-4547-AA43-BC0858C6E04C}.Debug|Any CPU.ActiveCfg = Debug|Any CPU
		{82ECC335-F268-4547-AA43-BC0858C6E04C}.Debug|Any CPU.Build.0 = Debug|Any CPU
		{82ECC335-F268-4547-AA43-BC0858C6E04C}.Release|Any CPU.ActiveCfg = Release|Any CPU
		{82ECC335-F268-4547-AA43-BC0858C6E04C}.Release|Any CPU.Build.0 = Release|Any CPU
	EndGlobalSection
	GlobalSection(SolutionProperties) = preSolution
		HideSolutionNode = FALSE
	EndGlobalSection
	GlobalSection(ExtensibilityGlobals) = postSolution
		SolutionGuid = {2F73BD62-F0F5-4452-B96B-F57DA115E7A6}
	EndGlobalSection
EndGlobal
